
Microsoft Visual Studio Solution File, Format Version 12.00
# Visual Studio Version 16
VisualStudioVersion = 16.0.31729.503
MinimumVisualStudioVersion = 10.0.40219.1
Project("{FAE04EC0-301F-11D3-BF4B-00C04F79EFBC}") = "Gheorghe Dumitru Bogdanel", "Gheorghe Dumitru Bogdanel\Gheorghe Dumitru Bogdanel.csproj", "{CFA4705C-1AF0-4391-9EE1-4233B001D323}"
EndProject
Global
	GlobalSection(SolutionConfigurationPlatforms) = preSolution
		Debug|Any CPU = Debug|Any CPU
		Release|Any CPU = Release|Any CPU
	EndGlobalSection
	GlobalSection(ProjectConfigurationPlatforms) = postSolution
		{CFA4705C-1AF0-4391-9EE1-4233B001D323}.Debug|Any CPU.ActiveCfg = Debug|Any CPU
		{CFA4705C-1AF0-4391-9EE1-4233B001D323}.Debug|Any CPU.Build.0 = Debug|Any CPU
		{CFA4705C-1AF0-4391-9EE1-4233B001D323}.Release|Any CPU.ActiveCfg = Release|Any CPU
		{CFA4705C-1AF0-4391-9EE1-4233B001D323}.Release|Any CPU.Build.0 = Release|Any CPU
	EndGlobalSection
	GlobalSection(SolutionProperties) = preSolution
		HideSolutionNode = FALSE
	EndGlobalSection
	GlobalSection(ExtensibilityGlobals) = postSolution
		SolutionGuid = {856901EE-5C88-4BDB-A8C1-626953C068A7}
	EndGlobalSection
EndGlobal
